
Microsoft Visual Studio Solution File, Format Version 12.00
# Visual Studio Version 17
VisualStudioVersion = 17.0.31903.59
MinimumVisualStudioVersion = 10.0.40219.1
Project("{FAE04EC0-301F-11D3-BF4B-00C04F79EFBC}") = "publisher-service", "publisher-service\publisher-service.csproj", "{A45D7269-D535-444A-88FF-3555924D35A6}"
EndProject
Project("{FAE04EC0-301F-11D3-BF4B-00C04F79EFBC}") = "subscriber-analytics", "subscriber-analytics\subscriber-analytics.csproj", "{E07EC38E-408A-4A97-AF89-B72F0F1B14FB}"
EndProject
Project("{FAE04EC0-301F-11D3-BF4B-00C04F79EFBC}") = "subscriber-notification", "subscriber-notification\subscriber-notification.csproj", "{3C7423B5-506D-4841-8BFD-5FF0388CCD0A}"
EndProject
Project("{FAE04EC0-301F-11D3-BF4B-00C04F79EFBC}") = "subscriber-audit", "subscriber-audit\subscriber-audit.csproj", "{E4BF64C5-123D-40D8-BAF9-AFE53D47CBE8}"
EndProject
Global
	GlobalSection(SolutionConfigurationPlatforms) = preSolution
		Debug|Any CPU = Debug|Any CPU
		Release|Any CPU = Release|Any CPU
	EndGlobalSection
	GlobalSection(SolutionProperties) = preSolution
		HideSolutionNode = FALSE
	EndGlobalSection
	GlobalSection(ProjectConfigurationPlatforms) = postSolution
		{A45D7269-D535-444A-88FF-3555924D35A6}.Debug|Any CPU.ActiveCfg = Debug|Any CPU
		{A45D7269-D535-444A-88FF-3555924D35A6}.Debug|Any CPU.Build.0 = Debug|Any CPU
		{A45D7269-D535-444A-88FF-3555924D35A6}.Release|Any CPU.ActiveCfg = Release|Any CPU
		{A45D7269-D535-444A-88FF-3555924D35A6}.Release|Any CPU.Build.0 = Release|Any CPU
		{E07EC38E-408A-4A97-AF89-B72F0F1B14FB}.Debug|Any CPU.ActiveCfg = Debug|Any CPU
		{E07EC38E-408A-4A97-AF89-B72F0F1B14FB}.Debug|Any CPU.Build.0 = Debug|Any CPU
		{E07EC38E-408A-4A97-AF89-B72F0F1B14FB}.Release|Any CPU.ActiveCfg = Release|Any CPU
		{E07EC38E-408A-4A97-AF89-B72F0F1B14FB}.Release|Any CPU.Build.0 = Release|Any CPU
		{3C7423B5-506D-4841-8BFD-5FF0388CCD0A}.Debug|Any CPU.ActiveCfg = Debug|Any CPU
		{3C7423B5-506D-4841-8BFD-5FF0388CCD0A}.Debug|Any CPU.Build.0 = Debug|Any CPU
		{3C7423B5-506D-4841-8BFD-5FF0388CCD0A}.Release|Any CPU.ActiveCfg = Release|Any CPU
		{3C7423B5-506D-4841-8BFD-5FF0388CCD0A}.Release|Any CPU.Build.0 = Release|Any CPU
		{E4BF64C5-123D-40D8-BAF9-AFE53D47CBE8}.Debug|Any CPU.ActiveCfg = Debug|Any CPU
		{E4BF64C5-123D-40D8-BAF9-AFE53D47CBE8}.Debug|Any CPU.Build.0 = Debug|Any CPU
		{E4BF64C5-123D-40D8-BAF9-AFE53D47CBE8}.Release|Any CPU.ActiveCfg = Release|Any CPU
		{E4BF64C5-123D-40D8-BAF9-AFE53D47CBE8}.Release|Any CPU.Build.0 = Release|Any CPU
	EndGlobalSection
EndGlobal
